version = 1
revision = 3
requires-python = "==3.13.*"

[[package]]
name = "afdko"
version = "5.0.1"
source = { registry = "https://pypi.org/simple" }
dependencies = [
    { name = "booleanoperations" },
    { name = "defcon", extra = ["lxml", "pens"] },
    { name = "fontmath" },
    { name = "fonttools", extra = ["lxml", "unicode", "woff"] },
    { name = "lxml" },
    { name = "tqdm" },
    { name = "ufonormalizer" },
    { name = "ufoprocessor" },
]
sdist = { url = "https://files.pythonhosted.org/packages/ab/36/faa1c9eb87382a52a8a46786f7dac5baaf59bb521dff3f9dd29ea5ce87ee/afdko-5.0.1.tar.gz", hash = "sha256:083b504a1cd865e8bfbb42134a34318ce42ef5130daebfc5b0e2f2fb444326c5", size = 17353747, upload-time = "2026-05-18T10:04:03.166Z" }
wheels = [
    { url = "https://files.pythonhosted.org/packages/0f/b0/ac3b369c906d02f68a7300d626a61a562be07c57a89ab40737c1905055cb/afdko-5.0.1-cp313-cp313-macosx_10_15_universal2.whl", hash = "sha256:6c9fc8a1ed74493c281435d17ca6d826b03bcac4e34a653fa6d922f1cf19f4d5", size = 4765871, upload-time = "2026-05-18T10:03:57.276Z" },
    { url = "https://files.pythonhosted.org/packages/34/04/d1a81c15f7ab71d16752f6ebeece8099cb095463babb377470e75402b52c/afdko-5.0.1-cp313-cp313-macosx_10_15_x86_64.whl", hash = "sha256:65993810f512efddf9fae5276cfbbe3c1ec95a2c908624fd6f0033cdd78d6470", size = 2869859, upload-time = "2026-05-18T10:03:58.7Z" },
    { url = "https://files.pythonhosted.org/packages/be/4d/758dff2c11f4806943ea0cfd9c33b7e935419031e5f41994d318aafd4415/afdko-5.0.1-cp313-cp313-manylinux_2_28_x86_64.whl", hash = "sha256:873b55e0086ed2b76e04060ed542f6336d6b680397aa24da7786679be714af04", size = 3442415, upload-time = "2026-05-18T10:03:59.996Z" },
    { url = "https://files.pythonhosted.org/packages/f7/73/292c404102fa6080515675fd2763c80fef9f6eb4510f1318ef5b1382661b/afdko-5.0.1-cp313-cp313-win_amd64.whl", hash = "sha256:e019f19475653dac358ccf3d66e3e6dcd0c99ea458fed6c4314b8ca737c2d597", size = 2720950, upload-time = "2026-05-18T10:04:01.814Z" },
]

[[package]]
name = "booleanoperations"
version = "0.10.0"
source = { registry = "https://pypi.org/simple" }
dependencies = [
    { name = "fonttools" },
    { name = "pyclipper" },
]
sdist = { url = "https://files.pythonhosted.org/packages/b4/6e/63c0dba783d3811cdfe675883cafa4dec03fdd9d77b5743c58da01890dfe/booleanoperations-0.10.0.tar.gz", hash = "sha256:6d719f560d2a1dd676c812b844ecceb693c96791c76579089ab7d0f5db5cedbe", size = 167248, upload-time = "2026-01-15T18:41:03.102Z" }
wheels = [
    { url = "https://files.pythonhosted.org/packages/52/50/9293f0e97f0029773c4b85c5058417aff8a19266f34a140c014b5e1bd887/booleanoperations-0.10.0-py3-none-any.whl", hash = "sha256:7d2537ec0c3763214bcfa2981a2a70995eb7bec2f76c9fb9eacac30545ba5808", size = 19236, upload-time = "2026-01-15T18:41:01.246Z" },
]

[[package]]
name = "brotli"
version = "1.2.0"
source = { registry = "https://pypi.org/simple" }
sdist = { url = "https://files.pythonhosted.org/packages/f7/16/c92ca344d646e71a43b8bb353f0a6490d7f6e06210f8554c8f874e454285/brotli-1.2.0.tar.gz", hash = "sha256:e310f77e41941c13340a95976fe66a8a95b01e783d430eeaf7a2f87e0a57dd0a", size = 7388632, upload-time = "2025-11-05T18:39:42.86Z" }
wheels = [
    { url = "https://files.pythonhosted.org/packages/6c/d4/4ad5432ac98c73096159d9ce7ffeb82d151c2ac84adcc6168e476bb54674/brotli-1.2.0-cp313-cp313-macosx_10_13_universal2.whl", hash = "sha256:9e5825ba2c9998375530504578fd4d5d1059d09621a02065d1b6bfc41a8e05ab", size = 861523, upload-time = "2025-11-05T18:38:34.67Z" },
    { url = "https://files.pythonhosted.org/packages/91/9f/9cc5bd03ee68a85dc4bc89114f7067c056a3c14b3d95f171918c088bf88d/brotli-1.2.0-cp313-cp313-macosx_10_13_x86_64.whl", hash = "sha256:0cf8c3b8ba93d496b2fae778039e2f5ecc7cff99df84df337ca31d8f2252896c", size = 444289, upload-time = "2025-11-05T18:38:35.6Z" },
    { url = "https://files.pythonhosted.org/packages/2e/b6/fe84227c56a865d16a6614e2c4722864b380cb14b13f3e6bef441e73a85a/brotli-1.2.0-cp313-cp313-manylinux2014_aarch64.manylinux_2_17_aarch64.manylinux_2_28_aarch64.whl", hash = "sha256:c8565e3cdc1808b1a34714b553b262c5de5fbda202285782173ec137fd13709f", size = 1528076, upload-time = "2025-11-05T18:38:36.639Z" },
    { url = "https://files.pythonhosted.org/packages/55/de/de4ae0aaca06c790371cf6e7ee93a024f6b4bb0568727da8c3de112e726c/brotli-1.2.0-cp313-cp313-manylinux2014_ppc64le.manylinux_2_17_ppc64le.manylinux_2_28_ppc64le.whl", hash = "sha256:26e8d3ecb0ee458a9804f47f21b74845cc823fd1bb19f02272be70774f56e2a6", size = 1626880, upload-time = "2025-11-05T18:38:37.623Z" },
    { url = "https://files.pythonhosted.org/packages/5f/16/a1b22cbea436642e071adcaf8d4b350a2ad02f5e0ad0da879a1be16188a0/brotli-1.2.0-cp313-cp313-manylinux2014_x86_64.manylinux_2_17_x86_64.whl", hash = "sha256:67a91c5187e1eec76a61625c77a6c8c785650f5b576ca732bd33ef58b0dff49c", size = 1419737, upload-time = "2025-11-05T18:38:38.729Z" },
    { url = "https://files.pythonhosted.org/packages/46/63/c968a97cbb3bdbf7f974ef5a6ab467a2879b82afbc5ffb65b8acbb744f95/brotli-1.2.0-cp313-cp313-musllinux_1_2_aarch64.whl", hash = "sha256:4ecdb3b6dc36e6d6e14d3a1bdc6c1057c8cbf80db04031d566eb6080ce283a48", size = 1484440, upload-time = "2025-11-05T18:38:39.916Z" },
    { url = "https://files.pythonhosted.org/packages/06/9d/102c67ea5c9fc171f423e8399e585dabea29b5bc79b05572891e70013cdd/brotli-1.2.0-cp313-cp313-musllinux_1_2_ppc64le.whl", hash = "sha256:3e1b35d56856f3ed326b140d3c6d9db91740f22e14b06e840fe4bb1923439a18", size = 1593313, upload-time = "2025-11-05T18:38:41.24Z" },
    { url = "https://files.pythonhosted.org/packages/9e/4a/9526d14fa6b87bc827ba1755a8440e214ff90de03095cacd78a64abe2b7d/brotli-1.2.0-cp313-cp313-musllinux_1_2_x86_64.whl", hash = "sha256:54a50a9dad16b32136b2241ddea9e4df159b41247b2ce6aac0b3276a66a8f1e5", size = 1487945, upload-time = "2025-11-05T18:38:42.277Z" },
    { url = "https://files.pythonhosted.org/packages/5b/e8/3fe1ffed70cbef83c5236166acaed7bb9c766509b157854c80e2f766b38c/brotli-1.2.0-cp313-cp313-win32.whl", hash = "sha256:1b1d6a4efedd53671c793be6dd760fcf2107da3a52331ad9ea429edf0902f27a", size = 334368, upload-time = "2025-11-05T18:38:43.345Z" },
    { url = "https://files.pythonhosted.org/packages/ff/91/e739587be970a113b37b821eae8097aac5a48e5f0eca438c22e4c7dd8648/brotli-1.2.0-cp313-cp313-win_amd64.whl", hash = "sha256:b63daa43d82f0cdabf98dee215b375b4058cce72871fd07934f179885aad16e8", size = 369116, upload-time = "2025-11-05T18:38:44.609Z" },
]

[[package]]
name = "brotlicffi"
version = "1.2.0.1"
source = { registry = "https://pypi.org/simple" }
dependencies = [
    { name = "cffi" },
]
sdist = { url = "https://files.pythonhosted.org/packages/8a/b6/017dc5f852ed9b8735af77774509271acbf1de02d238377667145fcee01d/brotlicffi-1.2.0.1.tar.gz", hash = "sha256:c20d5c596278307ad06414a6d95a892377ea274a5c6b790c2548c009385d621c", size = 478156, upload-time = "2026-03-05T19:54:11.547Z" }
wheels = [
    { url = "https://files.pythonhosted.org/packages/9a/9f/b98dcd4af47994cee97aebac866996a006a2e5fc1fd1e2b82a8ad95cf09c/brotlicffi-1.2.0.1-cp38-abi3-macosx_11_0_arm64.whl", hash = "sha256:91ba5f0ccc040f6ff8f7efaf839f797723d03ed46acb8ae9408f99ffd2572cf4", size = 432608, upload-time = "2026-03-05T19:53:56.736Z" },
    { url = "https://files.pythonhosted.org/packages/b1/7a/ac4ee56595a061e3718a6d1ea7e921f4df156894acffb28ed88a1fd52022/brotlicffi-1.2.0.1-cp38-abi3-manylinux2014_aarch64.manylinux_2_17_aarch64.manylinux_2_28_aarch64.whl", hash = "sha256:be9a670c6811af30a4bd42d7116dc5895d3b41beaa8ed8a89050447a0181f5ce", size = 1534257, upload-time = "2026-03-05T19:53:58.667Z" },
    { url = "https://files.pythonhosted.org/packages/99/39/e7410db7f6f56de57744ea52a115084ceb2735f4d44973f349bb92136586/brotlicffi-1.2.0.1-cp38-abi3-manylinux2014_x86_64.manylinux_2_17_x86_64.manylinux_2_28_x86_64.whl", hash = "sha256:6f3314a3476f59e5443f9f72a6dff16edc0c3463c9b318feaef04ae3e4683f5a", size = 1536838, upload-time = "2026-03-05T19:54:00.705Z" },
    { url = "https://files.pythonhosted.org/packages/a6/75/6e7977d1935fc3fbb201cbd619be8f2c7aea25d40a096967132854b34708/brotlicffi-1.2.0.1-cp38-abi3-win32.whl", hash = "sha256:82ea52e2b5d3145b6c406ebd3efb0d55db718b7ad996bd70c62cec0439de1187", size = 343337, upload-time = "2026-03-05T19:54:02.446Z" },
    { url = "https://files.pythonhosted.org/packages/d8/ef/e7e485ce5e4ba3843a0a92feb767c7b6098fd6e65ce752918074d175ae71/brotlicffi-1.2.0.1-cp38-abi3-win_amd64.whl", hash = "sha256:da2e82a08e7778b8bc539d27ca03cdd684113e81394bfaaad8d0dfc6a17ddede", size = 379026, upload-time = "2026-03-05T19:54:04.322Z" },
]

[[package]]
name = "cffi"
version = "2.1.0"
source = { registry = "https://pypi.org/simple" }
dependencies = [
    { name = "pycparser", marker = "implementation_name != 'PyPy'" },
]
sdist = { url = "https://files.pythonhosted.org/packages/57/5f/ff100cae70ebe9d8df1c01a00e510e45d9adb5c1fdda84791b199141de97/cffi-2.1.0.tar.gz", hash = "sha256:efc1cdd798b1aaf39b4610bba7aad28c9bea9b910f25c784ccf9ec1fa719d1f9", size = 531036, upload-time = "2026-07-06T21:34:30.382Z" }
wheels = [
    { url = "https://files.pythonhosted.org/packages/96/88/a996879e2eeccb815f6e3a5967b12a308257412acec882039d386bd2aa7b/cffi-2.1.0-cp313-cp313-ios_13_0_arm64_iphoneos.whl", hash = "sha256:10537b1df4967ca26d21e5072d7d54188354483b91dc75058968d3f0cf13fbda", size = 194331, upload-time = "2026-07-06T21:33:03.697Z" },
    { url = "https://files.pythonhosted.org/packages/58/85/7ae00d5c8dd6266f4e944c3db630f3c5c9a98b61d469c714d848b1d8138a/cffi-2.1.0-cp313-cp313-ios_13_0_arm64_iphonesimulator.whl", hash = "sha256:a95b05f9baf29b91171b3a8bd2020b028835243e7b0ff6bb23e2a3c228518b1b", size = 196966, upload-time = "2026-07-06T21:33:05.353Z" },
    { url = "https://files.pythonhosted.org/packages/8c/e9/45c3a76ad8d43ad9261f4c95436da61128d3ca545d72b9612c0ab5be0b1c/cffi-2.1.0-cp313-cp313-macosx_10_15_x86_64.whl", hash = "sha256:15faec4adfff450819f3aee0e2e02c812de6edb88203aa58807955db2003472a", size = 184795, upload-time = "2026-07-06T21:33:06.699Z" },
    { url = "https://files.pythonhosted.org/packages/84/4c/82f132cb4418ee6d953d982b19191e87e2a6372c8a4ce36e50b69d6ade4a/cffi-2.1.0-cp313-cp313-macosx_11_0_arm64.whl", hash = "sha256:716ff8ec22f20b4d988b12884086bcef0fc99737043e503f7a3935a6be99b1ea", size = 184746, upload-time = "2026-07-06T21:33:08.071Z" },
    { url = "https://files.pythonhosted.org/packages/a0/1c/4ed5a0e5bdca6cbc275556de3328dd1b76fd0c11cc13c88fe66d1d8715f2/cffi-2.1.0-cp313-cp313-manylinux1_i686.manylinux2014_i686.manylinux_2_17_i686.manylinux_2_5_i686.whl", hash = "sha256:63960549e4f8dc41e31accb97b975abaecfc44c03e396c093a6436763c2ea7db", size = 214747, upload-time = "2026-07-06T21:33:09.671Z" },
    { url = "https://files.pythonhosted.org/packages/3a/a6/e879bb68cc23a2bc9ba8f4b7d8019f0c2694bad2ab6c4a3701d429439f58/cffi-2.1.0-cp313-cp313-manylinux2014_aarch64.manylinux_2_17_aarch64.whl", hash = "sha256:ff067a8d8d880e7809e4ac88eb009bb848870115317b306666502ccad30b147f", size = 222392, upload-time = "2026-07-06T21:33:10.896Z" },
    { url = "https://files.pythonhosted.org/packages/88/f6/01890cfd63c08f8eb96a8319b0443690197d240a8bd6346048cf7bde9190/cffi-2.1.0-cp313-cp313-manylinux2014_ppc64le.manylinux_2_17_ppc64le.whl", hash = "sha256:3b926723c13eba9f81d2ef3820d63aeceec3b2d4639906047bf675cb8a7a500d", size = 210285, upload-time = "2026-07-06T21:33:12.251Z" },
    { url = "https://files.pythonhosted.org/packages/a6/cf/2b684132056f438567b61e19d690dd31cd0921ace051e0a458be6074369e/cffi-2.1.0-cp313-cp313-manylinux2014_s390x.manylinux_2_17_s390x.whl", hash = "sha256:47ff3a8bfd8cb9da1af7524b965127095055654c177fcfc7578debcb015eecd0", size = 208801, upload-time = "2026-07-06T21:33:13.617Z" },
    { url = "https://files.pythonhosted.org/packages/6f/08/f2e7d62c460faae0926f2d6e423694aa409ced3bc1fe2927a0a6e5f05416/cffi-2.1.0-cp313-cp313-manylinux2014_x86_64.manylinux_2_17_x86_64.whl", hash = "sha256:799416bae98336e400981ff6e532d67d5c709cfb30afb79865a1315f94b0e224", size = 221808, upload-time = "2026-07-06T21:33:15.466Z" },
    { url = "https://files.pythonhosted.org/packages/38/37/04f54b8e63a02f3d908332c9effbf8c366167c6f733ed8a3d4f79b7e2a1e/cffi-2.1.0-cp313-cp313-musllinux_1_2_aarch64.whl", hash = "sha256:961be50688f7fba2fa65f63712d3b9b341a22311f5253460ce933f52f0de1c8c", size = 225241, upload-time = "2026-07-06T21:33:16.869Z" },
    { url = "https://files.pythonhosted.org/packages/a9/d6/c72eecca433cd3e681c65ed313ab4835d9d4a379704d0f628a6a05f51c2e/cffi-2.1.0-cp313-cp313-musllinux_1_2_x86_64.whl", hash = "sha256:bf5c6cf48238b0eb4c086978c492ad1cbc22373fc5b2d7353b3a598ce6db887a", size = 223588, upload-time = "2026-07-06T21:33:18.239Z" },
    { url = "https://files.pythonhosted.org/packages/c6/4b/e706f67279140f92939da3475ad610df18bfd52d50f14953a8e5fede71d5/cffi-2.1.0-cp313-cp313-win32.whl", hash = "sha256:db3eb7d46527159a878ec3460e9d40615bc25ba337d477db681aea6e4f05c5d2", size = 175248, upload-time = "2026-07-06T21:33:19.799Z" },
    { url = "https://files.pythonhosted.org/packages/5a/47/59eb7975cb0e4ef0afa764ea945b29a5bb4537a9f771cb7d6c8a5dd74c95/cffi-2.1.0-cp313-cp313-win_amd64.whl", hash = "sha256:8e74a6135550c4748af665b1b1118b6aab33b1fc6a16f9aff630af107c3b4512", size = 185717, upload-time = "2026-07-06T21:33:21.47Z" },
    { url = "https://files.pythonhosted.org/packages/5a/af/34fee85c48f8d94efc8597bc09470c9dd274c145f1c12e0fbc6ab6d38d74/cffi-2.1.0-cp313-cp313-win_arm64.whl", hash = "sha256:2282cd5e38aa8accd03e99d1256af8411c84cdbee6a89d841b563fdbd1f3e50f", size = 180114, upload-time = "2026-07-06T21:33:22.515Z" },
]

[[package]]
name = "colorama"
version = "0.4.6"
source = { registry = "https://pypi.org/simple" }
sdist = { url = "https://files.pythonhosted.org/packages/d8/53/6f443c9a4a8358a93a6792e2acffb9d9d5cb0a5cfd8802644b7b1c9a02e4/colorama-0.4.6.tar.gz", hash = "sha256:08695f5cb7ed6e0531a20572697297273c47b8cae5a63ffc6d6ed5c201be6e44", size = 27697, upload-time = "2022-10-25T02:36:22.414Z" }
wheels = [
    { url = "https://files.pythonhosted.org/packages/d1/d6/3965ed04c63042e047cb6a3e6ed1a63a35087b6a609aa3a15ed8ac56c221/colorama-0.4.6-py2.py3-none-any.whl", hash = "sha256:4f1d9991f5acc0ca119f9d443620b77f9d6b33703e51011c16baf57afb285fc6", size = 25335, upload-time = "2022-10-25T02:36:20.889Z" },
]

[[package]]
name = "defcon"
version = "0.12.2"
source = { registry = "https://pypi.org/simple" }
dependencies = [
    { name = "fonttools", extra = ["unicode"] },
]
sdist = { url = "https://files.pythonhosted.org/packages/5e/3e/57b2af543863048d6d6e648cd0b6257b742031971275be4ba9d5d6f055cc/defcon-0.12.2.tar.gz", hash = "sha256:25dfe7fd0152ccf292cb190d1928a47d588899c20b046854293e039e1c93e5e0", size = 417681, upload-time = "2025-07-16T18:42:12.481Z" }
wheels = [
    { url = "https://files.pythonhosted.org/packages/42/36/2c16fe791c8f97fb7512f84843b72947139934c30843e5ce03a8e92a1268/defcon-0.12.2-py3-none-any.whl", hash = "sha256:acba4a8ab218b3ea8d4f97b46abd06f0e2a5b3c845e3a8469a5afe969dd654c1", size = 232071, upload-time = "2025-07-16T18:42:11.101Z" },
]

[package.optional-dependencies]
lxml = [
    { name = "fonttools", extra = ["lxml"] },
]
pens = [
    { name = "fontpens" },
]

[[package]]
name = "fontmath"
version = "0.10.0"
source = { registry = "https://pypi.org/simple" }
dependencies = [
    { name = "fonttools" },
]
sdist = { url = "https://files.pythonhosted.org/packages/69/a5/9abc6de47d7fe4bb7ec7bd3bf67aceb7fcdf7164083d7dfb1e1beb5b0f39/fontmath-0.10.0.tar.gz", hash = "sha256:7b0b39336d83d7fc03fb9dc3c662ef7d26b2c15355a34c643d1cfbd03f89fb74", size = 31075, upload-time = "2026-02-03T16:15:24.628Z" }
wheels = [
    { url = "https://files.pythonhosted.org/packages/ec/90/e5a24e71f4ce52ffe0cb01183b680b35755d168eefdf4dd18bb7f9e16968/fontmath-0.10.0-py2.py3-none-any.whl", hash = "sha256:d7042cd07dadcb8fc1da6f2635cee7112d1c5b2043e5ad43ed3da3a9083d614d", size = 32373, upload-time = "2026-02-03T16:15:23.15Z" },
]

[[package]]
name = "fontparts"
version = "1.1.1"
source = { registry = "https://pypi.org/simple" }
dependencies = [
    { name = "booleanoperations" },
    { name = "defcon", extra = ["pens"] },
    { name = "fontmath" },
    { name = "fonttools", extra = ["lxml", "unicode"] },
]
sdist = { url = "https://files.pythonhosted.org/packages/b2/b8/46c8fab6449666ad1aa21b84e8b80f1a83d1b30693e425269af1fdd6ded0/fontparts-1.1.1.tar.gz", hash = "sha256:7ceed66dc176c05f2274e9d09b401b124ce00c46e758e4fecb7f5f19f3d34c61", size = 514797, upload-time = "2026-07-09T16:33:51.311Z" }
wheels = [
    { url = "https://files.pythonhosted.org/packages/4d/23/e563e22db847b713f48107c91215f846071e1ce5f36280d8b0cd66e17427/fontparts-1.1.1-py3-none-any.whl", hash = "sha256:ded197fabc2c28a2bf2d9bcbfd127aa46e0f741f7d17e1aa39568ee02df7132d", size = 216635, upload-time = "2026-07-09T16:33:49.58Z" },
]

[[package]]
name = "fontpens"
version = "0.4.0"
source = { registry = "https://pypi.org/simple" }
dependencies = [
    { name = "fonttools" },
]
sdist = { url = "https://files.pythonhosted.org/packages/3a/b1/e2563e361afd99d7fb5ea49fffd64a460fdbe0e0fb4e73c805134ad1af92/fontpens-0.4.0.tar.gz", hash = "sha256:69be9a81087dd59f1b8dee3f1fc8f7cd4693980ab45852feb496cbb28fbd93cb", size = 15632, upload-time = "2026-06-02T13:43:47.43Z" }
wheels = [
    { url = "https://files.pythonhosted.org/packages/d9/2d/f4649ca9a2c3ea2aaa93f90d4b87d7cf7ceacd5192e679b84797ea9b4f40/fontpens-0.4.0-py3-none-any.whl", hash = "sha256:9fea961e6a840f270703a02e88819372dc10d60b8023dc03dbba048e22690e3f", size = 19702, upload-time = "2026-06-02T13:43:46.376Z" },
]

[[package]]
name = "fonttools"
version = "4.63.0"
source = { registry = "https://pypi.org/simple" }
sdist = { url = "https://files.pythonhosted.org/packages/84/69/c97f2c18e0db87d2c7b15da1974dace76ae938f1cfa22e2727a648b7ed43/fonttools-4.63.0.tar.gz", hash = "sha256:caeb583deeb5168e694b65cda8b4ee62abedfa66cf88488734466f2366b9c4e0", size = 3597189, upload-time = "2026-05-14T12:04:30.958Z" }
wheels = [
    { url = "https://files.pythonhosted.org/packages/0f/8d/d8fec3dcde2963f8c908fb315e5ff2cd0ac34f82394bbbf73a2aa5145ce3/fonttools-4.63.0-cp313-cp313-macosx_10_13_universal2.whl", hash = "sha256:cd7e9857e5e63738b9d9fd707bc1f59c8b09e5177726d23664db393c59bb08bd", size = 2876062, upload-time = "2026-05-14T12:03:32.554Z" },
    { url = "https://files.pythonhosted.org/packages/ef/71/d935dc54e4ff121bfdd11e08702db63a7e6f25af21d8a3d7b7212df53641/fonttools-4.63.0-cp313-cp313-macosx_10_13_x86_64.whl", hash = "sha256:c2a2a42198b696a6f48fad91709afb55176e66a5e566131219dba372fb7f8c59", size = 2424594, upload-time = "2026-05-14T12:03:34.86Z" },
    { url = "https://files.pythonhosted.org/packages/8e/40/e76320afa1df918e146155ef239b1719ee266092e96f5423bfd075affba1/fonttools-4.63.0-cp313-cp313-manylinux2014_aarch64.manylinux_2_17_aarch64.manylinux_2_28_aarch64.whl", hash = "sha256:1e874792a8212b44583ea02189d9e693906b2f78b261f372f95d6c563210ac1d", size = 5024840, upload-time = "2026-05-14T12:03:36.745Z" },
    { url = "https://files.pythonhosted.org/packages/ce/36/0b805d8c485f872f65a509cbe3b58a5d0d17bee855333b54a150c79d3061/fonttools-4.63.0-cp313-cp313-manylinux2014_x86_64.manylinux_2_17_x86_64.whl", hash = "sha256:22135da48a348785c5e2d5d2d9d6bec5ed44adacbaeb9db12d9493bf6c6bfa68", size = 4975801, upload-time = "2026-05-14T12:03:38.833Z" },
    { url = "https://files.pythonhosted.org/packages/c8/26/2cee03d0aa083ab022da5c07aff9ed3f689da1defb81ad6917c9627896da/fonttools-4.63.0-cp313-cp313-musllinux_1_2_aarch64.whl", hash = "sha256:ccf41f2efdf56994d22d73bef4ced1052161958169428d06ba9724ea9e9a64be", size = 4965009, upload-time = "2026-05-14T12:03:41.494Z" },
    { url = "https://files.pythonhosted.org/packages/7e/48/cc4b66d9058c0d0982c833fad10127c4b0e9324606aafa41382295ca4102/fonttools-4.63.0-cp313-cp313-musllinux_1_2_x86_64.whl", hash = "sha256:9ced0bd02ac751dd6319b0da88aaef24414e3b0dbc32bb4f24944821a3741a27", size = 5105892, upload-time = "2026-05-14T12:03:43.525Z" },
    { url = "https://files.pythonhosted.org/packages/d8/1f/a98a30a814b9ddef3a2e706025f90b9e0bc94890e6cb15254bc86547d11a/fonttools-4.63.0-cp313-cp313-win32.whl", hash = "sha256:85be818f5506e8a7753153def2c9550178f0ecae6a47b5e0e8dbb23f7cc90380", size = 2291313, upload-time = "2026-05-14T12:03:45.594Z" },
    { url = "https://files.pythonhosted.org/packages/92/46/5177b01f3b4abfdd4409f31cca4ab279c9343a26efbe9ec78c97fc612e02/fonttools-4.63.0-cp313-cp313-win_amd64.whl", hash = "sha256:ba04cb5891d4c0c21b6da95eda8d7b090021508a294fff33464fc7d241e0856b", size = 2342299, upload-time = "2026-05-14T12:03:47.414Z" },
    { url = "https://files.pythonhosted.org/packages/2c/47/c99d5268f354002ce80f8d029cd9d7d872969da1de8b93d32de4dc56d6f4/fonttools-4.63.0-py3-none-any.whl", hash = "sha256:445af2eab030a16b9171ea8bdda7ebf7d96bda2df88ee182a464252f6e05e20d", size = 1164562, upload-time = "2026-05-14T12:04:29.092Z" },
]

[package.optional-dependencies]
lxml = [
    { name = "lxml" },
]
unicode = [
    { name = "unicodedata2" },
]
woff = [
    { name = "brotli", marker = "platform_python_implementation == 'CPython'" },
    { name = "brotlicffi", marker = "platform_python_implementation != 'CPython'" },
    { name = "zopfli" },
]

[[package]]
name = "lxml"
version = "6.1.1"
source = { registry = "https://pypi.org/simple" }
sdist = { url = "https://files.pythonhosted.org/packages/05/3b/aab6728cae887456f409b4d75e8a01856e4f04bd510de38052a47768b680/lxml-6.1.1.tar.gz", hash = "sha256:ba96ae44888e0185281e937633a743ea90d5a196c6000f82565ebb0580012d40", size = 4197430, upload-time = "2026-05-18T19:19:06.424Z" }
wheels = [
    { url = "https://files.pythonhosted.org/packages/a5/eb/7e6f37c5584ccbb2ff267f56fd0339016938c1c8684cfefab9b33ffc2f36/lxml-6.1.1-cp313-cp313-macosx_10_13_universal2.whl", hash = "sha256:68a9198d0fc122d14bb76837de9aa80cf84caed990b5b237f532ed87d3706736", size = 8559780, upload-time = "2026-05-18T19:17:57.661Z" },
    { url = "https://files.pythonhosted.org/packages/a1/36/587c2521cf23a2cd6c9c22108aa7528f683a1f195ed7ccd23a4b1786ad36/lxml-6.1.1-cp313-cp313-macosx_10_13_x86_64.whl", hash = "sha256:7d47866cb32fb503450b6edc9df355d10dc49836af2e89901bd6ac6b0896d9d9", size = 4618006, upload-time = "2026-05-18T19:18:04.452Z" },
    { url = "https://files.pythonhosted.org/packages/6e/ca/ab7bfe2bf4c972af5e7878262845ead3a24a929a9b04bc11c7c1ece6c82a/lxml-6.1.1-cp313-cp313-manylinux2014_aarch64.manylinux_2_17_aarch64.whl", hash = "sha256:eb7c9811bfaa8b1ed5ed319f5d370dfbcaa59d52ea64be2a5a85e18195930354", size = 4924139, upload-time = "2026-05-18T19:19:04.873Z" },
    { url = "https://files.pythonhosted.org/packages/6b/55/a0c72851dfee5ecc689f949723a73dea457758912542cb955b108eaf0d8f/lxml-6.1.1-cp313-cp313-manylinux2014_x86_64.manylinux_2_17_x86_64.whl", hash = "sha256:762ff394d5bd56da0cf034a23dcce4e13923f15321a2adfa2ac00201dc6d3fca", size = 5082329, upload-time = "2026-05-18T19:19:09.728Z" },
    { url = "https://files.pythonhosted.org/packages/f0/b6/0608f7d61a3b96cc67e5648a3d906e31a5082093e10e7be65b3886289938/lxml-6.1.1-cp313-cp313-manylinux_2_26_aarch64.manylinux_2_28_aarch64.whl", hash = "sha256:a088f287f7d8275a33c07f2cac6c50b9319309a0200a39e7e75d80c707723099", size = 4993564, upload-time = "2026-05-18T19:19:13.608Z" },
    { url = "https://files.pythonhosted.org/packages/4c/66/ae227524b066d29d55bf0b453d93d2d793c40218657d643dcbbca13b8faf/lxml-6.1.1-cp313-cp313-manylinux_2_26_ppc64le.manylinux_2_28_ppc64le.whl", hash = "sha256:e902da4b04e6b52e5893900d4b8ab46068f75f3561f01bf1080957f9fd932ed6", size = 5613467, upload-time = "2026-05-18T19:19:16.228Z" },
    { url = "https://files.pythonhosted.org/packages/a6/76/dbe4a00b50385e40194231dcfe5a12c059de7cf90e89c83407d2b085b719/lxml-6.1.1-cp313-cp313-manylinux_2_26_x86_64.manylinux_2_28_x86_64.whl", hash = "sha256:1d4962d4c66bf830a7e59ed6cfc17d148149898a3aefa8ec6e59763e6e3ed085", size = 5228304, upload-time = "2026-05-18T19:19:19.354Z" },
    { url = "https://files.pythonhosted.org/packages/1c/01/00b1b8442ed2041793336868ba0b9ea4b13d7da7c085c6404c207a63bf79/lxml-6.1.1-cp313-cp313-manylinux_2_28_i686.whl", hash = "sha256:581d4c8ae690a6609e64862dd6b7c2489635c2d13907fc2b20f2bc200ff1d21e", size = 5341607, upload-time = "2026-05-18T19:19:22.297Z" },
    { url = "https://files.pythonhosted.org/packages/63/36/1ad29931e9a4638bb707869f01d423a6c815f82152138d1a40dfcfde2b95/lxml-6.1.1-cp313-cp313-manylinux_2_31_armv7l.whl", hash = "sha256:876e1ff5930ed8bf295ec5ef9a8155e9b6b1876bbf1deed8b3a8069311875a8f", size = 4700168, upload-time = "2026-05-18T19:19:25.133Z" },
    { url = "https://files.pythonhosted.org/packages/3c/d1/a9536cecf9be18a0dc72d32bead283a2332d1ffebd2dd3ac70ce444686e5/lxml-6.1.1-cp313-cp313-manylinux_2_38_riscv64.manylinux_2_39_riscv64.whl", hash = "sha256:9eb9b5a968f6e0f6d640092a567e14529ff8cea2e29d00da6f78a79fa49f013c", size = 5232487, upload-time = "2026-05-18T19:19:28.603Z" },
    { url = "https://files.pythonhosted.org/packages/0e/77/b4fb1e03bf5d130e879214d3100092e386418807fb74dd0adc4b0a48f351/lxml-6.1.1-cp313-cp313-musllinux_1_2_aarch64.whl", hash = "sha256:aa49e06d94aba782c6a02eecb7e507969e7e7a41b267f1b359bb35585f295d5b", size = 5044231, upload-time = "2026-05-18T19:18:42.246Z" },
    { url = "https://files.pythonhosted.org/packages/26/4c/d00daeeb0a5530c4028a9232aa1b93db3ef4ed2158c116ea73c79a9765b3/lxml-6.1.1-cp313-cp313-musllinux_1_2_armv7l.whl", hash = "sha256:70cdfd80589d59e43e18005dd7244e8895e93db8ab6a620b7e23df5445a4e3d2", size = 4769450, upload-time = "2026-05-18T19:18:48.013Z" },
    { url = "https://files.pythonhosted.org/packages/ed/6a/715a3a8d156ce42f29cf014706f5410c2ff3b02267774110fc23266409fe/lxml-6.1.1-cp313-cp313-musllinux_1_2_ppc64le.whl", hash = "sha256:aad9aa39483ed8ec44d6d2e59e5b98a0d80676ef0d92f44bfc374836111f62f5", size = 5635874, upload-time = "2026-05-18T19:18:51.914Z" },
    { url = "https://files.pythonhosted.org/packages/45/37/0544bc21dde2a88f3a17b504e6fc79c0e01d25a33c2f6079724e9e72b9c7/lxml-6.1.1-cp313-cp313-musllinux_1_2_riscv64.whl", hash = "sha256:d49514be2f28d895c38cf9d2b72d7b9a07d00314519f456c0b50b53cfcf4c785", size = 5223987, upload-time = "2026-05-18T19:18:59.715Z" },
    { url = "https://files.pythonhosted.org/packages/4d/f8/f6a5e8185bcb28c2befae3d31f8e3df3b811cb0f47746517a81279fcafe1/lxml-6.1.1-cp313-cp313-musllinux_1_2_x86_64.whl", hash = "sha256:47402e62c52ff5988c1e8c6c63177f5708bccf48e366dea4e3dcf1e645e04947", size = 5250276, upload-time = "2026-05-18T19:19:03.834Z" },
    { url = "https://files.pythonhosted.org/packages/c7/f2/1a2b9f1b7a49d45495369be7ef9ad05b262930f2eab3e3145706fca8083f/lxml-6.1.1-cp313-cp313-win32.whl", hash = "sha256:3483644525531e1d5762b0c44a8e18b6efba321b6dcf8a8952de10b037618bca", size = 3596903, upload-time = "2026-05-18T19:17:29.863Z" },
    { url = "https://files.pythonhosted.org/packages/e6/99/f4ffb024f238eec2131aaa09f3278fb6129cf892741bf68e1fc1afb8c100/lxml-6.1.1-cp313-cp313-win_amd64.whl", hash = "sha256:a10bd2fd62e8ce916ececb342f348f190724a098c1faa056fdfb2a22ad5e8660", size = 3995869, upload-time = "2026-05-18T19:18:02.596Z" },
    { url = "https://files.pythonhosted.org/packages/d1/53/70eb8c5c6037f27448f1e3c54ebede9545a801ae63f0a7254afca4fe8e45/lxml-6.1.1-cp313-cp313-win_arm64.whl", hash = "sha256:424aa57aca0897eb922aef34395bd1289b3b6f04e6bae20ea123c0c7e333cffc", size = 3658490, upload-time = "2026-05-19T19:22:53.846Z" },
]

[[package]]
name = "mutatormath"
version = "3.0.1"
source = { registry = "https://pypi.org/simple" }
dependencies = [
    { name = "defcon" },
    { name = "fontmath" },
    { name = "fonttools" },
]
sdist = { url = "https://files.pythonhosted.org/packages/44/02/d1ddbbc5698db8ad2a0d1f8a23d52305e66166b6fea5ada5e146dd3a709a/MutatorMath-3.0.1.zip", hash = "sha256:8127c1ffad1646f11a953752296c43f5d88cbd5293fff03f093d916b0bc13864", size = 421722, upload-time = "2020-04-24T09:23:32.876Z" }
wheels = [
    { url = "https://files.pythonhosted.org/packages/02/61/e3e6190a8d94c6a99d9605c721e1e38ebae19dc194059477affa57f6e111/MutatorMath-3.0.1-py2.py3-none-any.whl", hash = "sha256:949dc3c1ea71c3b8a88cdeec6b3224b039d9da3888af133eb7e09ce1d5b19821", size = 31986, upload-time = "2020-04-24T09:23:31.333Z" },
]

[[package]]
name = "nobigoe-font"
version = "1.30"
source = { editable = "." }
dependencies = [
    { name = "afdko" },
    { name = "brotli" },
    { name = "fonttools" },
    { name = "skia-pathops" },
]

[package.metadata]
requires-dist = [
    { name = "afdko", specifier = "==5.0.1" },
    { name = "brotli", specifier = "==1.2.0" },
    { name = "fonttools", specifier = "==4.63.0" },
    { name = "skia-pathops", specifier = "==0.9.2" },
]

[[package]]
name = "pyclipper"
version = "1.4.0"
source = { registry = "https://pypi.org/simple" }
sdist = { url = "https://files.pythonhosted.org/packages/f6/21/3c06205bb407e1f79b73b7b4dfb3950bd9537c4f625a68ab5cc41177f5bc/pyclipper-1.4.0.tar.gz", hash = "sha256:9882bd889f27da78add4dd6f881d25697efc740bf840274e749988d25496c8e1", size = 54489, upload-time = "2025-12-01T13:15:35.015Z" }
wheels = [
    { url = "https://files.pythonhosted.org/packages/67/d0/cbce7d47de1e6458f66a4d999b091640134deb8f2c7351eab993b70d2e10/pyclipper-1.4.0-cp313-cp313-macosx_10_13_universal2.whl", hash = "sha256:d49df13cbb2627ccb13a1046f3ea6ebf7177b5504ec61bdef87d6a704046fd6e", size = 264342, upload-time = "2025-12-01T13:15:12.697Z" },
    { url = "https://files.pythonhosted.org/packages/ce/cc/742b9d69d96c58ac156947e1b56d0f81cbacbccf869e2ac7229f2f86dc4e/pyclipper-1.4.0-cp313-cp313-macosx_10_13_x86_64.whl", hash = "sha256:37bfec361e174110cdddffd5ecd070a8064015c99383d95eb692c253951eee8a", size = 139839, upload-time = "2025-12-01T13:15:13.911Z" },
    { url = "https://files.pythonhosted.org/packages/db/48/dd301d62c1529efdd721b47b9e5fb52120fcdac5f4d3405cfc0d2f391414/pyclipper-1.4.0-cp313-cp313-manylinux2014_x86_64.manylinux_2_17_x86_64.whl", hash = "sha256:14c8bdb5a72004b721c4e6f448d2c2262d74a7f0c9e3076aeff41e564a92389f", size = 972142, upload-time = "2025-12-01T13:15:15.477Z" },
    { url = "https://files.pythonhosted.org/packages/07/bf/d493fd1b33bb090fa64e28c1009374d5d72fa705f9331cd56517c35e381e/pyclipper-1.4.0-cp313-cp313-manylinux_2_24_aarch64.manylinux_2_28_aarch64.whl", hash = "sha256:f2a50c22c3a78cb4e48347ecf06930f61ce98cf9252f2e292aa025471e9d75b1", size = 952789, upload-time = "2025-12-01T13:15:17.042Z" },
    { url = "https://files.pythonhosted.org/packages/cf/88/b95ea8ea21ddca34aa14b123226a81526dd2faaa993f9aabd3ed21231604/pyclipper-1.4.0-cp313-cp313-win32.whl", hash = "sha256:c9a3faa416ff536cee93417a72bfb690d9dea136dc39a39dbbe1e5dadf108c9c", size = 94817, upload-time = "2025-12-01T13:15:18.724Z" },
    { url = "https://files.pythonhosted.org/packages/ba/42/0a1920d276a0e1ca21dc0d13ee9e3ba10a9a8aa3abac76cd5e5a9f503306/pyclipper-1.4.0-cp313-cp313-win_amd64.whl", hash = "sha256:d4b2d7c41086f1927d14947c563dfc7beed2f6c0d9af13c42fe3dcdc20d35832", size = 104007, upload-time = "2025-12-01T13:15:19.763Z" },
]

[[package]]
name = "pycparser"
version = "3.0"
source = { registry = "https://pypi.org/simple" }
sdist = { url = "https://files.pythonhosted.org/packages/1b/7d/92392ff7815c21062bea51aa7b87d45576f649f16458d78b7cf94b9ab2e6/pycparser-3.0.tar.gz", hash = "sha256:600f49d217304a5902ac3c37e1281c9fe94e4d0489de643a9504c5cdfdfc6b29", size = 103492, upload-time = "2026-01-21T14:26:51.89Z" }
wheels = [
    { url = "https://files.pythonhosted.org/packages/0c/c3/44f3fbbfa403ea2a7c779186dc20772604442dde72947e7d01069cbe98e3/pycparser-3.0-py3-none-any.whl", hash = "sha256:b727414169a36b7d524c1c3e31839a521725078d7b2ff038656844266160a992", size = 48172, upload-time = "2026-01-21T14:26:50.693Z" },
]

[[package]]
name = "skia-pathops"
version = "0.9.2"
source = { registry = "https://pypi.org/simple" }
sdist = { url = "https://files.pythonhosted.org/packages/4a/f6/ab37d6fa21f25965d4ad059745c76f13ddfb92a2c06a842a42ad77961c24/skia_pathops-0.9.2.tar.gz", hash = "sha256:4b6d8459f6f4a69282cb26fca0c2bb0b321cc58a9bf9cc6579a52a391edc0319", size = 65115346, upload-time = "2026-02-16T10:30:22.753Z" }
wheels = [
    { url = "https://files.pythonhosted.org/packages/75/10/45af3ea2dee706a340601da315e450c449f76aaa18651cfe2677b0c65161/skia_pathops-0.9.2-cp310-abi3-macosx_10_9_universal2.whl", hash = "sha256:c7a925b919c050df1e0545d26a69b64d9c8e1959e4dca73b06df088bf01d30f0", size = 2897494, upload-time = "2026-02-16T10:30:00.265Z" },
    { url = "https://files.pythonhosted.org/packages/b4/20/711d733b252696aedd78175e0f60acd42299de680d5a50a2750b96578841/skia_pathops-0.9.2-cp310-abi3-manylinux2014_x86_64.manylinux_2_17_x86_64.whl", hash = "sha256:d94c18a60b1e56910240a65dcc841cca37067f6432a4881d20baff17b6d77915", size = 3300314, upload-time = "2026-02-16T10:30:02.53Z" },
    { url = "https://files.pythonhosted.org/packages/95/47/bccbdb7ee12bbcc43c1051f9fd6933d16e3ffc8f20263155bd03709bde9e/skia_pathops-0.9.2-cp310-abi3-manylinux_2_27_aarch64.manylinux_2_28_aarch64.whl", hash = "sha256:70b28883f209a0df84da14e980e7a07c55ed93b913955694d90ddef2f29a261b", size = 2999370, upload-time = "2026-02-16T10:30:04.445Z" },
    { url = "https://files.pythonhosted.org/packages/5e/55/d5a1925d61ab683aaf08a3a80749371991f82fdeb53e3dbeae0046ce80ac/skia_pathops-0.9.2-cp310-abi3-musllinux_1_2_aarch64.whl", hash = "sha256:8122e50e03472657781c951f3019d9b85d9b1cbc93ebac635b673f99b18895b6", size = 3955374, upload-time = "2026-02-16T10:30:06.308Z" },
    { url = "https://files.pythonhosted.org/packages/36/49/c81e1a551726b8153c7a600b041e4480ac85db13985b7b260a01d85e0a6c/skia_pathops-0.9.2-cp310-abi3-musllinux_1_2_x86_64.whl", hash = "sha256:f8c72c70e57dd6655f880ae63642ff26753bb888f4c6411709a12cc10bee005e", size = 4316667, upload-time = "2026-02-16T10:30:08.326Z" },
    { url = "https://files.pythonhosted.org/packages/bb/b4/484ba09325c75d4470578b3f16bfe5a30cc348ece2566df59702c487084c/skia_pathops-0.9.2-cp310-abi3-win32.whl", hash = "sha256:3b9ef6629d2c8cb8604a7e22d4d2fe2c0160788b9792145a2cf0f968ec245751", size = 1450912, upload-time = "2026-02-16T10:30:09.762Z" },
    { url = "https://files.pythonhosted.org/packages/ff/96/bd1bfaf5335242a86d8af940ff2124861e9bc6a5520cf96fda374fd10945/skia_pathops-0.9.2-cp310-abi3-win_amd64.whl", hash = "sha256:9ae72d801b5f4c5dbb937fb25476a12fa2da70860f28dd637da2b529dbd8271c", size = 1782901, upload-time = "2026-02-16T10:30:11.546Z" },
]

[[package]]
name = "tqdm"
version = "4.70.0"
source = { registry = "https://pypi.org/simple" }
dependencies = [
    { name = "colorama", marker = "sys_platform == 'win32'" },
]
sdist = { url = "https://files.pythonhosted.org/packages/21/3b/6c24bec5be5e743ffd99576daa5cc077722fc7d5bbc00bd133fa0c698dc6/tqdm-4.70.0.tar.gz", hash = "sha256:55b0b0dbd97462d06ebee91e4dac24ed4d4702be82b24f07e6c1d27e08cea220", size = 795438, upload-time = "2026-07-27T11:33:15.271Z" }
wheels = [
    { url = "https://files.pythonhosted.org/packages/f9/1c/01bfd571a64e7f270e6bab5e33777debe0edc56759233ce84f27dec92d14/tqdm-4.70.0-py3-none-any.whl", hash = "sha256:7f585706bfddbdebf89daac705b2dfcc16890130727d3197ca62c732b4310953", size = 80184, upload-time = "2026-07-27T11:33:13.167Z" },
]

[[package]]
name = "ufonormalizer"
version = "0.6.3"
source = { registry = "https://pypi.org/simple" }
sdist = { url = "https://files.pythonhosted.org/packages/f2/67/557823860d2bc7a340ce4772261e35c969e2243621ec32fae62801a4ba6a/ufonormalizer-0.6.3.tar.gz", hash = "sha256:c3271097aba9d290594b75c2b432cf681088b74fe3eb334ca4319324e2bddd4e", size = 33324, upload-time = "2025-09-23T19:57:06.05Z" }
wheels = [
    { url = "https://files.pythonhosted.org/packages/e9/5b/b6751a54387344cb7cef779a231df68dea77b7adbbab924f5e4f2056cedb/ufonormalizer-0.6.3-py3-none-any.whl", hash = "sha256:09015963e0fec72ca96f2128bcace869990dead40e8f4872a02a014d2a2f024f", size = 18320, upload-time = "2025-09-23T19:57:04.621Z" },
]

[[package]]
name = "ufoprocessor"
version = "1.14.1"
source = { registry = "https://pypi.org/simple" }
dependencies = [
    { name = "defcon", extra = ["lxml"] },
    { name = "fontmath" },
    { name = "fontparts" },
    { name = "fonttools", extra = ["lxml"] },
    { name = "mutatormath" },
]
sdist = { url = "https://files.pythonhosted.org/packages/73/86/7564e3b6ff396372c4eb444181c5446f19a8bfa83cdb9f8ee1c8f1fa0de0/ufoprocessor-1.14.1.tar.gz", hash = "sha256:fd38d3cc359b94171ba8d3fdc1e4defde2206acef4f97d75b48503bb8ac03b01", size = 122945, upload-time = "2025-10-31T16:23:40.695Z" }
wheels = [
    { url = "https://files.pythonhosted.org/packages/45/15/60f9933bcaa1c525d130fd4675053ab471274822913f9c57a324c519f3ae/ufoprocessor-1.14.1-py2.py3-none-any.whl", hash = "sha256:bfb5521dae1d25181d0514d786d5a515d1f17bb3f097e253c9c53b3187cb21f7", size = 38004, upload-time = "2025-10-31T16:23:39.355Z" },
]

[[package]]
name = "unicodedata2"
version = "17.0.1"
source = { registry = "https://pypi.org/simple" }
sdist = { url = "https://files.pythonhosted.org/packages/44/cb/520721a715da85530e21c71953b9b9a85a44e0d80d3b34bf9303c422d208/unicodedata2-17.0.1.tar.gz", hash = "sha256:d79943d153f5f6bfbe3f55a5ec611985184bda37fcedb3ecc75322d82ae6ad3b", size = 679856, upload-time = "2026-02-12T10:05:41.465Z" }
wheels = [
    { url = "https://files.pythonhosted.org/packages/4e/93/b30e22fc5c06827a112bf399fa9d583ccd3209ae5b6bb9fa101823d85cc3/unicodedata2-17.0.1-cp313-cp313-macosx_10_13_universal2.whl", hash = "sha256:e700dbedf1ec4466e1f36d2172fa2c856141e8d8ee256f5d1ef32507f7afa2b8", size = 973390, upload-time = "2026-02-12T10:04:41.854Z" },
    { url = "https://files.pythonhosted.org/packages/6b/71/61d7694139f62e9bbfc9d51c36e1fb7ce578d530074a75573ca59fb76c97/unicodedata2-17.0.1-cp313-cp313-macosx_11_0_arm64.whl", hash = "sha256:fc83524357ea99933ff0b33eb781f35381b6da0e89fb466bbfd9e52d3b701602", size = 495284, upload-time = "2026-02-12T10:04:43.184Z" },
    { url = "https://files.pythonhosted.org/packages/67/c8/4a227db7c366c10e6135dc53c7389060f295ae234e696ae41406ace2c92c/unicodedata2-17.0.1-cp313-cp313-manylinux2014_aarch64.manylinux_2_17_aarch64.manylinux_2_28_aarch64.whl", hash = "sha256:e3aefd1fd71d95e87ba8df580f54ae4d52076e4394eddc97d0f4609849f01ae4", size = 531970, upload-time = "2026-02-12T10:04:44.532Z" },
    { url = "https://files.pythonhosted.org/packages/ae/62/4dfe56801216acfff25c07a68d2a0b5330e802fbd1f89cf8ba4ae3374b2e/unicodedata2-17.0.1-cp313-cp313-manylinux2014_x86_64.manylinux_2_17_x86_64.whl", hash = "sha256:8a4c70a9b1438b2303ab577c6c3a80c650952c76f496418ef7ab6755ff1ffbea", size = 531750, upload-time = "2026-02-12T10:04:45.952Z" },
    { url = "https://files.pythonhosted.org/packages/4a/eb/c078cc851bf3212e56711bbd56e63579645f9a2d14cc1aa04397b90ba552/unicodedata2-17.0.1-cp313-cp313-musllinux_1_2_aarch64.whl", hash = "sha256:761c53084ca0f3a1beda52f1c3980a0d561221f860a56a1342087c67879fd547", size = 530549, upload-time = "2026-02-12T10:04:47.83Z" },
    { url = "https://files.pythonhosted.org/packages/a5/c9/f95deb4a197bdd9af29bcbd8091a9847431ca16fcc5f9981efcdbe0e057e/unicodedata2-17.0.1-cp313-cp313-musllinux_1_2_x86_64.whl", hash = "sha256:ba5f094d6ff67c130fe36fbdad64371c7b2e7672f4e35166f98ae6c88646ccda", size = 531457, upload-time = "2026-02-12T10:04:49.254Z" },
    { url = "https://files.pythonhosted.org/packages/30/f6/de84a37d8fbbb2cd57ce6b6ba1af8bba9ffbecd05c046630e47629e74147/unicodedata2-17.0.1-cp313-cp313-win32.whl", hash = "sha256:e314cd8a8f64aa0d2bcf940b9d8e742cb726566574bf241a02b23d0ea9c779c9", size = 483971, upload-time = "2026-02-12T10:04:51.11Z" },
    { url = "https://files.pythonhosted.org/packages/7e/7e/94116c542f4348b2def3e34654b4e1af66862e93e884c7405b361c6e92d6/unicodedata2-17.0.1-cp313-cp313-win_amd64.whl", hash = "sha256:7ec69751488663ad5644b2bce67be9bbf9a178ba9ad3089ca652b05cf5a2aa49", size = 484193, upload-time = "2026-02-12T10:04:52.585Z" },
]

[[package]]
name = "zopfli"
version = "0.4.3"
source = { registry = "https://pypi.org/simple" }
sdist = { url = "https://files.pythonhosted.org/packages/74/21/3b6af43a663b22b00e738bb0642931a2579e15da6852613d56c6aa535d28/zopfli-0.4.3.tar.gz", hash = "sha256:d3a50f91a13cea9bafe025de8fd87a005eb26de02a4f0c193127ddbf23ac8ebe", size = 179156, upload-time = "2026-06-10T09:10:19.96Z" }
wheels = [
    { url = "https://files.pythonhosted.org/packages/a5/5f/b7d81b670daf990e15a0f7551da96c3c0700f69ae6d96b0245d6a19f51f3/zopfli-0.4.3-cp310-abi3-macosx_10_9_universal2.whl", hash = "sha256:88f4fbe429aad72bc206275d81fab11a097e0f951a5848d1f51083c37ea73073", size = 291492, upload-time = "2026-06-10T09:10:06.621Z" },
    { url = "https://files.pythonhosted.org/packages/55/c8/d8d8d731e0b192024567b7198fb77b748821d355f3c8bf0109de27191f43/zopfli-0.4.3-cp310-abi3-manylinux2014_x86_64.manylinux_2_17_x86_64.whl", hash = "sha256:769875152d0625c46707bcca57d4b2233fe653482067acd55fbf6ec525cb9bdc", size = 829354, upload-time = "2026-06-10T09:10:07.909Z" },
    { url = "https://files.pythonhosted.org/packages/0e/2b/fbe8ba2ec40f5986b8983a4752f7a32672a80a10ea6e68213324a7055469/zopfli-0.4.3-cp310-abi3-manylinux_2_24_aarch64.manylinux_2_28_aarch64.whl", hash = "sha256:eb0c9c1d40a8cb1d58762d7e57290ccb753e0828c4d01be8acb59aae5d0ca206", size = 818436, upload-time = "2026-06-10T09:10:09.063Z" },
    { url = "https://files.pythonhosted.org/packages/de/d9/63568c54c8b68b9135f3456c5add83797a5528d596657f0e4f4910173b08/zopfli-0.4.3-cp310-abi3-musllinux_1_2_aarch64.whl", hash = "sha256:7fa3c35193475290e3f007bbcdebdbae64ba2f012d75c632da0d727e1da50d5e", size = 1778931, upload-time = "2026-06-10T09:10:10.282Z" },
    { url = "https://files.pythonhosted.org/packages/7a/05/8f3aac10a858e89c2146d3a1f6ce33634c3db757365b4148fef1b85784d2/zopfli-0.4.3-cp310-abi3-musllinux_1_2_x86_64.whl", hash = "sha256:47604eee5c6704bdf0e94d8391fe3b74ddb2abd84128fbcfdc3ee0fc265feaef", size = 1864132, upload-time = "2026-06-10T09:10:11.595Z" },
    { url = "https://files.pythonhosted.org/packages/8d/20/9ca59d14b91f9fbc631793b4b085b309777edadaca496aa518a180817827/zopfli-0.4.3-cp310-abi3-win32.whl", hash = "sha256:628c3e941752880b3491db8d44163d0aedb221944e22a17187ff7fc549b050f6", size = 271715, upload-time = "2026-06-10T09:10:12.7Z" },
    { url = "https://files.pythonhosted.org/packages/9d/3a/4ff4fdead77ef30f5832b38a47eb7a1283e98b3c678576b83f8fdfff53eb/zopfli-0.4.3-cp310-abi3-win_amd64.whl", hash = "sha256:921c2c9907f4364963848da5ad194b46d68865e07fdb975d04fd09bc42d47357", size = 288550, upload-time = "2026-06-10T09:10:13.639Z" },
    { url = "https://files.pythonhosted.org/packages/e6/44/6264f929057236fde72dd6d271f54612b4811ce37288e002f5d5339d696a/zopfli-0.4.3-cp310-abi3-win_arm64.whl", hash = "sha256:7e9703ca6e7ef66c8d05e0826b6f558b680c9db8206f84f05a3ee93430a12e42", size = 451343, upload-time = "2026-06-10T09:10:14.72Z" },
]
